// !$*UTF8*$!
{
	archiveVersion = 1;
	classes = {
	};
	objectVersion = 46;
	objects = {

/* Begin PBXBuildFile section */
		D239C3A61F35C6EB00490946 /* main.m in Sources */ = {isa = PBXBuildFile; fileRef = D239C3A51F35C6EB00490946 /* main.m */; };
		D239C3A91F35C6EB00490946 /* AppDelegate.m in Sources */ = {isa = PBXBuildFile; fileRef = D239C3A81F35C6EB00490946 /* AppDelegate.m */; };
		D239C3AC1F35C6EB00490946 /* ViewController.m in Sources */ = {isa = PBXBuildFile; fileRef = D239C3AB1F35C6EB00490946 /* ViewController.m */; };
		D239C3AF1F35C6EB00490946 /* Main.storyboard in Resources */ = {isa = PBXBuildFile; fileRef = D239C3AD1F35C6EB00490946 /* Main.storyboard */; };
		D239C3B11F35C6EB00490946 /* Assets.xcassets in Resources */ = {isa = PBXBuildFile; fileRef = D239C3B01F35C6EB00490946 /* Assets.xcassets */; };
		D239C3B41F35C6EB00490946 /* LaunchScreen.storyboard in Resources */ = {isa = PBXBuildFile; fileRef = D239C3B21F35C6EB00490946 /* LaunchScreen.storyboard */; };
		D239C3BF1F35C6EB00490946 /* ____Tests.m in Sources */ = {isa = PBXBuildFile; fileRef = D239C3BE1F35C6EB00490946 /* ____Tests.m */; };
		D239C3CA1F35C6EB00490946 /* ____UITests.m in Sources */ = {isa = PBXBuildFile; fileRef = D239C3C91F35C6EB00490946 /* ____UITests.m */; };
		D239C3D91F35C70D00490946 /* Person.m in Sources */ = {isa = PBXBuildFile; fileRef = D239C3D81F35C70D00490946 /* Person.m */; };
		D239C3F51F35D57600490946 /* Info.plist in Resources */ = {isa = PBXBuildFile; fileRef = D239C3DB1F35D57600490946 /* Info.plist */; };
		D239C3F61F35D57600490946 /* MASCompositeConstraint.m in Sources */ = {isa = PBXBuildFile; fileRef = D239C3DD1F35D57600490946 /* MASCompositeConstraint.m */; };
		D239C3F71F35D57600490946 /* MASConstraint.m in Sources */ = {isa = PBXBuildFile; fileRef = D239C3E01F35D57600490946 /* MASConstraint.m */; };
		D239C3F81F35D57600490946 /* MASConstraintMaker.m in Sources */ = {isa = PBXBuildFile; fileRef = D239C3E21F35D57600490946 /* MASConstraintMaker.m */; };
		D239C3F91F35D57600490946 /* MASLayoutConstraint.m in Sources */ = {isa = PBXBuildFile; fileRef = D239C3E41F35D57600490946 /* MASLayoutConstraint.m */; };
		D239C3FA1F35D57600490946 /* MASViewAttribute.m in Sources */ = {isa = PBXBuildFile; fileRef = D239C3E81F35D57600490946 /* MASViewAttribute.m */; };
		D239C3FB1F35D57600490946 /* MASViewConstraint.m in Sources */ = {isa = PBXBuildFile; fileRef = D239C3EA1F35D57600490946 /* MASViewConstraint.m */; };
		D239C3FC1F35D57600490946 /* NSArray+MASAdditions.m in Sources */ = {isa = PBXBuildFile; fileRef = D239C3EC1F35D57600490946 /* NSArray+MASAdditions.m */; };
		D239C3FD1F35D57600490946 /* NSLayoutConstraint+MASDebugAdditions.m in Sources */ = {isa = PBXBuildFile; fileRef = D239C3EF1F35D57600490946 /* NSLayoutConstraint+MASDebugAdditions.m */; };
		D239C3FE1F35D57600490946 /* View+MASAdditions.m in Sources */ = {isa = PBXBuildFile; fileRef = D239C3F11F35D57600490946 /* View+MASAdditions.m */; };
		D239C3FF1F35D57600490946 /* ViewController+MASAdditions.m in Sources */ = {isa = PBXBuildFile; fileRef = D239C3F41F35D57600490946 /* ViewController+MASAdditions.m */; };
		D239C4021F35E95700490946 /* addCalculator.m in Sources */ = {isa = PBXBuildFile; fileRef = D239C4011F35E95700490946 /* addCalculator.m */; };
		D24128551F36C1E300E2970C /* NSObject+CustomKVO.m in Sources */ = {isa = PBXBuildFile; fileRef = D24128541F36C1E300E2970C /* NSObject+CustomKVO.m */; };
/* End PBXBuildFile section */

/* Begin PBXContainerItemProxy section */
		D239C3BB1F35C6EB00490946 /* PBXContainerItemProxy */ = {
			isa = PBXContainerItemProxy;
			containerPortal = D239C3991F35C6EB00490946 /* Project object */;
			proxyType = 1;
			remoteGlobalIDString = D239C3A01F35C6EB00490946;
			remoteInfo = "编程思想";
		};
		D239C3C61F35C6EB00490946 /* PBXContainerItemProxy */ = {
			isa = PBXContainerItemProxy;
			containerPortal = D239C3991F35C6EB00490946 /* Project object */;
			proxyType = 1;
			remoteGlobalIDString = D239C3A01F35C6EB00490946;
			remoteInfo = "编程思想";
		};
/* End PBXContainerItemProxy section */

/* Begin PBXFileReference section */
		D239C3A11F35C6EB00490946 /* 编程思想.app */ = {isa = PBXFileReference; explicitFileType = wrapper.application; includeInIndex = 0; path = "编程思想.app"; sourceTree = BUILT_PRODUCTS_DIR; };
		D239C3A51F35C6EB00490946 /* main.m */ = {isa = PBXFileReference; lastKnownFileType = sourcecode.c.objc; path = main.m; sourceTree = "<group>"; };
		D239C3A71F35C6EB00490946 /* AppDelegate.h */ = {isa = PBXFileReference; lastKnownFileType = sourcecode.c.h; path = AppDelegate.h; sourceTree = "<group>"; };
		D239C3A81F35C6EB00490946 /* AppDelegate.m */ = {isa = PBXFileReference; lastKnownFileType = sourcecode.c.objc; path = AppDelegate.m; sourceTree = "<group>"; };
		D239C3AA1F35C6EB00490946 /* ViewController.h */ = {isa = PBXFileReference; lastKnownFileType = sourcecode.c.h; path = ViewController.h; sourceTree = "<group>"; };
		D239C3AB1F35C6EB00490946 /* ViewController.m */ = {isa = PBXFileReference; lastKnownFileType = sourcecode.c.objc; path = ViewController.m; sourceTree = "<group>"; };
		D239C3AE1F35C6EB00490946 /* Base */ = {isa = PBXFileReference; lastKnownFileType = file.storyboard; name = Base; path = Base.lproj/Main.storyboard; sourceTree = "<group>"; };
		D239C3B01F35C6EB00490946 /* Assets.xcassets */ = {isa = PBXFileReference; lastKnownFileType = folder.assetcatalog; path = Assets.xcassets; sourceTree = "<group>"; };
		D239C3B31F35C6EB00490946 /* Base */ = {isa = PBXFileReference; lastKnownFileType = file.storyboard; name = Base; path = Base.lproj/LaunchScreen.storyboard; sourceTree = "<group>"; };
		D239C3B51F35C6EB00490946 /* Info.plist */ = {isa = PBXFileReference; lastKnownFileType = text.plist.xml; path = Info.plist; sourceTree = "<group>"; };
		D239C3BA1F35C6EB00490946 /* 编程思想Tests.xctest */ = {isa = PBXFileReference; explicitFileType = wrapper.cfbundle; includeInIndex = 0; path = "编程思想Tests.xctest"; sourceTree = BUILT_PRODUCTS_DIR; };
		D239C3BE1F35C6EB00490946 /* ____Tests.m */ = {isa = PBXFileReference; lastKnownFileType = sourcecode.c.objc; path = "____Tests.m"; sourceTree = "<group>"; };
		D239C3C01F35C6EB00490946 /* Info.plist */ = {isa = PBXFileReference; lastKnownFileType = text.plist.xml; path = Info.plist; sourceTree = "<group>"; };
		D239C3C51F35C6EB00490946 /* 编程思想UITests.xctest */ = {isa = PBXFileReference; explicitFileType = wrapper.cfbundle; includeInIndex = 0; path = "编程思想UITests.xctest"; sourceTree = BUILT_PRODUCTS_DIR; };
		D239C3C91F35C6EB00490946 /* ____UITests.m */ = {isa = PBXFileReference; lastKnownFileType = sourcecode.c.objc; path = "____UITests.m"; sourceTree = "<group>"; };
		D239C3CB1F35C6EB00490946 /* Info.plist */ = {isa = PBXFileReference; lastKnownFileType = text.plist.xml; path = Info.plist; sourceTree = "<group>"; };
		D239C3D71F35C70D00490946 /* Person.h */ = {isa = PBXFileReference; fileEncoding = 4; lastKnownFileType = sourcecode.c.h; path = Person.h; sourceTree = "<group>"; };
		D239C3D81F35C70D00490946 /* Person.m */ = {isa = PBXFileReference; fileEncoding = 4; lastKnownFileType = sourcecode.c.objc; path = Person.m; sourceTree = "<group>"; };
		D239C3DB1F35D57600490946 /* Info.plist */ = {isa = PBXFileReference; fileEncoding = 4; lastKnownFileType = text.plist.xml; path = Info.plist; sourceTree = "<group>"; };
		D239C3DC1F35D57600490946 /* MASCompositeConstraint.h */ = {isa = PBXFileReference; fileEncoding = 4; lastKnownFileType = sourcecode.c.h; path = MASCompositeConstraint.h; sourceTree = "<group>"; };
		D239C3DD1F35D57600490946 /* MASCompositeConstraint.m */ = {isa = PBXFileReference; fileEncoding = 4; lastKnownFileType = sourcecode.c.objc; path = MASCompositeConstraint.m; sourceTree = "<group>"; };
		D239C3DE1F35D57600490946 /* MASConstraint+Private.h */ = {isa = PBXFileReference; fileEncoding = 4; lastKnownFileType = sourcecode.c.h; path = "MASConstraint+Private.h"; sourceTree = "<group>"; };
		D239C3DF1F35D57600490946 /* MASConstraint.h */ = {isa = PBXFileReference; fileEncoding = 4; lastKnownFileType = sourcecode.c.h; path = MASConstraint.h; sourceTree = "<group>"; };
		D239C3E01F35D57600490946 /* MASConstraint.m */ = {isa = PBXFileReference; fileEncoding = 4; lastKnownFileType = sourcecode.c.objc; path = MASConstraint.m; sourceTree = "<group>"; };
		D239C3E11F35D57600490946 /* MASConstraintMaker.h */ = {isa = PBXFileReference; fileEncoding = 4; lastKnownFileType = sourcecode.c.h; path = MASConstraintMaker.h; sourceTree = "<group>"; };
		D239C3E21F35D57600490946 /* MASConstraintMaker.m */ = {isa = PBXFileReference; fileEncoding = 4; lastKnownFileType = sourcecode.c.objc; path = MASConstraintMaker.m; sourceTree = "<group>"; };
		D239C3E31F35D57600490946 /* MASLayoutConstraint.h */ = {isa = PBXFileReference; fileEncoding = 4; lastKnownFileType = sourcecode.c.h; path = MASLayoutConstraint.h; sourceTree = "<group>"; };
		D239C3E41F35D57600490946 /* MASLayoutConstraint.m */ = {isa = PBXFileReference; fileEncoding = 4; lastKnownFileType = sourcecode.c.objc; path = MASLayoutConstraint.m; sourceTree = "<group>"; };
		D239C3E51F35D57600490946 /* Masonry.h */ = {isa = PBXFileReference; fileEncoding = 4; lastKnownFileType = sourcecode.c.h; path = Masonry.h; sourceTree = "<group>"; };
		D239C3E61F35D57600490946 /* MASUtilities.h */ = {isa = PBXFileReference; fileEncoding = 4; lastKnownFileType = sourcecode.c.h; path = MASUtilities.h; sourceTree = "<group>"; };
		D239C3E71F35D57600490946 /* MASViewAttribute.h */ = {isa = PBXFileReference; fileEncoding = 4; lastKnownFileType = sourcecode.c.h; path = MASViewAttribute.h; sourceTree = "<group>"; };
		D239C3E81F35D57600490946 /* MASViewAttribute.m */ = {isa = PBXFileReference; fileEncoding = 4; lastKnownFileType = sourcecode.c.objc; path = MASViewAttribute.m; sourceTree = "<group>"; };
		D239C3E91F35D57600490946 /* MASViewConstraint.h */ = {isa = PBXFileReference; fileEncoding = 4; lastKnownFileType = sourcecode.c.h; path = MASViewConstraint.h; sourceTree = "<group>"; };
		D239C3EA1F35D57600490946 /* MASViewConstraint.m */ = {isa = PBXFileReference; fileEncoding = 4; lastKnownFileType = sourcecode.c.objc; path = MASViewConstraint.m; sourceTree = "<group>"; };
		D239C3EB1F35D57600490946 /* NSArray+MASAdditions.h */ = {isa = PBXFileReference; fileEncoding = 4; lastKnownFileType = sourcecode.c.h; path = "NSArray+MASAdditions.h"; sourceTree = "<group>"; };
		D239C3EC1F35D57600490946 /* NSArray+MASAdditions.m */ = {isa = PBXFileReference; fileEncoding = 4; lastKnownFileType = sourcecode.c.objc; path = "NSArray+MASAdditions.m"; sourceTree = "<group>"; };
		D239C3ED1F35D57600490946 /* NSArray+MASShorthandAdditions.h */ = {isa = PBXFileReference; fileEncoding = 4; lastKnownFileType = sourcecode.c.h; path = "NSArray+MASShorthandAdditions.h"; sourceTree = "<group>"; };
		D239C3EE1F35D57600490946 /* NSLayoutConstraint+MASDebugAdditions.h */ = {isa = PBXFileReference; fileEncoding = 4; lastKnownFileType = sourcecode.c.h; path = "NSLayoutConstraint+MASDebugAdditions.h"; sourceTree = "<group>"; };
		D239C3EF1F35D57600490946 /* NSLayoutConstraint+MASDebugAdditions.m */ = {isa = PBXFileReference; fileEncoding = 4; lastKnownFileType = sourcecode.c.objc; path = "NSLayoutConstraint+MASDebugAdditions.m"; sourceTree = "<group>"; };
		D239C3F01F35D57600490946 /* View+MASAdditions.h */ = {isa = PBXFileReference; fileEncoding = 4; lastKnownFileType = sourcecode.c.h; path = "View+MASAdditions.h"; sourceTree = "<group>"; };
		D239C3F11F35D57600490946 /* View+MASAdditions.m */ = {isa = PBXFileReference; fileEncoding = 4; lastKnownFileType = sourcecode.c.objc; path = "View+MASAdditions.m"; sourceTree = "<group>"; };
		D239C3F21F35D57600490946 /* View+MASShorthandAdditions.h */ = {isa = PBXFileReference; fileEncoding = 4; lastKnownFileType = sourcecode.c.h; path = "View+MASShorthandAdditions.h"; sourceTree = "<group>"; };
		D239C3F31F35D57600490946 /* ViewController+MASAdditions.h */ = {isa = PBXFileReference; fileEncoding = 4; lastKnownFileType = sourcecode.c.h; path = "ViewController+MASAdditions.h"; sourceTree = "<group>"; };
		D239C3F41F35D57600490946 /* ViewController+MASAdditions.m */ = {isa = PBXFileReference; fileEncoding = 4; lastKnownFileType = sourcecode.c.objc; path = "ViewController+MASAdditions.m"; sourceTree = "<group>"; };
		D239C4001F35E95700490946 /* addCalculator.h */ = {isa = PBXFileReference; fileEncoding = 4; lastKnownFileType = sourcecode.c.h; path = addCalculator.h; sourceTree = "<group>"; };
		D239C4011F35E95700490946 /* addCalculator.m */ = {isa = PBXFileReference; fileEncoding = 4; lastKnownFileType = sourcecode.c.objc; path = addCalculator.m; sourceTree = "<group>"; };
		D24128531F36C1E300E2970C /* NSObject+CustomKVO.h */ = {isa = PBXFileReference; fileEncoding = 4; lastKnownFileType = sourcecode.c.h; path = "NSObject+CustomKVO.h"; sourceTree = "<group>"; };
		D24128541F36C1E300E2970C /* NSObject+CustomKVO.m */ = {isa = PBXFileReference; fileEncoding = 4; lastKnownFileType = sourcecode.c.objc; path = "NSObject+CustomKVO.m"; sourceTree = "<group>"; };
/* End PBXFileReference section */

/* Begin PBXFrameworksBuildPhase section */
		D239C39E1F35C6EB00490946 /* Frameworks */ = {
			isa = PBXFrameworksBuildPhase;
			buildActionMask = 2147483647;
			files = (
			);
			runOnlyForDeploymentPostprocessing = 0;
		};
		D239C3B71F35C6EB00490946 /* Frameworks */ = {
			isa = PBXFrameworksBuildPhase;
			buildActionMask = 2147483647;
			files = (
			);
			runOnlyForDeploymentPostprocessing = 0;
		};
		D239C3C21F35C6EB00490946 /* Frameworks */ = {
			isa = PBXFrameworksBuildPhase;
			buildActionMask = 2147483647;
			files = (
			);
			runOnlyForDeploymentPostprocessing = 0;
		};
/* End PBXFrameworksBuildPhase section */

/* Begin PBXGroup section */
		D239C3981F35C6EB00490946 = {
			isa = PBXGroup;
			children = (
				D239C3A31F35C6EB00490946 /* 编程思想 */,
				D239C3BD1F35C6EB00490946 /* 编程思想Tests */,
				D239C3C81F35C6EB00490946 /* 编程思想UITests */,
				D239C3A21F35C6EB00490946 /* Products */,
			);
			sourceTree = "<group>";
		};
		D239C3A21F35C6EB00490946 /* Products */ = {
			isa = PBXGroup;
			children = (
				D239C3A11F35C6EB00490946 /* 编程思想.app */,
				D239C3BA1F35C6EB00490946 /* 编程思想Tests.xctest */,
				D239C3C51F35C6EB00490946 /* 编程思想UITests.xctest */,
			);
			name = Products;
			sourceTree = "<group>";
		};
		D239C3A31F35C6EB00490946 /* 编程思想 */ = {
			isa = PBXGroup;
			children = (
				D239C3DA1F35D57600490946 /* Masonry */,
				D239C3D71F35C70D00490946 /* Person.h */,
				D239C3D81F35C70D00490946 /* Person.m */,
				D24128531F36C1E300E2970C /* NSObject+CustomKVO.h */,
				D24128541F36C1E300E2970C /* NSObject+CustomKVO.m */,
				D239C4001F35E95700490946 /* addCalculator.h */,
				D239C4011F35E95700490946 /* addCalculator.m */,
				D239C3A71F35C6EB00490946 /* AppDelegate.h */,
				D239C3A81F35C6EB00490946 /* AppDelegate.m */,
				D239C3AA1F35C6EB00490946 /* ViewController.h */,
				D239C3AB1F35C6EB00490946 /* ViewController.m */,
				D239C3AD1F35C6EB00490946 /* Main.storyboard */,
				D239C3B01F35C6EB00490946 /* Assets.xcassets */,
				D239C3B21F35C6EB00490946 /* LaunchScreen.storyboard */,
				D239C3B51F35C6EB00490946 /* Info.plist */,
				D239C3A41F35C6EB00490946 /* Supporting Files */,
			);
			path = "编程思想";
			sourceTree = "<group>";
		};
		D239C3A41F35C6EB00490946 /* Supporting Files */ = {
			isa = PBXGroup;
			children = (
				D239C3A51F35C6EB00490946 /* main.m */,
			);
			name = "Supporting Files";
			sourceTree = "<group>";
		};
		D239C3BD1F35C6EB00490946 /* 编程思想Tests */ = {
			isa = PBXGroup;
			children = (
				D239C3BE1F35C6EB00490946 /* ____Tests.m */,
				D239C3C01F35C6EB00490946 /* Info.plist */,
			);
			path = "编程思想Tests";
			sourceTree = "<group>";
		};
		D239C3C81F35C6EB00490946 /* 编程思想UITests */ = {
			isa = PBXGroup;
			children = (
				D239C3C91F35C6EB00490946 /* ____UITests.m */,
				D239C3CB1F35C6EB00490946 /* Info.plist */,
			);
			path = "编程思想UITests";
			sourceTree = "<group>";
		};
		D239C3DA1F35D57600490946 /* Masonry */ = {
			isa = PBXGroup;
			children = (
				D239C3DB1F35D57600490946 /* Info.plist */,
				D239C3DC1F35D57600490946 /* MASCompositeConstraint.h */,
				D239C3DD1F35D57600490946 /* MASCompositeConstraint.m */,
				D239C3DE1F35D57600490946 /* MASConstraint+Private.h */,
				D239C3DF1F35D57600490946 /* MASConstraint.h */,
				D239C3E01F35D57600490946 /* MASConstraint.m */,
				D239C3E11F35D57600490946 /* MASConstraintMaker.h */,
				D239C3E21F35D57600490946 /* MASConstraintMaker.m */,
				D239C3E31F35D57600490946 /* MASLayoutConstraint.h */,
				D239C3E41F35D57600490946 /* MASLayoutConstraint.m */,
				D239C3E51F35D57600490946 /* Masonry.h */,
				D239C3E61F35D57600490946 /* MASUtilities.h */,
				D239C3E71F35D57600490946 /* MASViewAttribute.h */,
				D239C3E81F35D57600490946 /* MASViewAttribute.m */,
				D239C3E91F35D57600490946 /* MASViewConstraint.h */,
				D239C3EA1F35D57600490946 /* MASViewConstraint.m */,
				D239C3EB1F35D57600490946 /* NSArray+MASAdditions.h */,
				D239C3EC1F35D57600490946 /* NSArray+MASAdditions.m */,
				D239C3ED1F35D57600490946 /* NSArray+MASShorthandAdditions.h */,
				D239C3EE1F35D57600490946 /* NSLayoutConstraint+MASDebugAdditions.h */,
				D239C3EF1F35D57600490946 /* NSLayoutConstraint+MASDebugAdditions.m */,
				D239C3F01F35D57600490946 /* View+MASAdditions.h */,
				D239C3F11F35D57600490946 /* View+MASAdditions.m */,
				D239C3F21F35D57600490946 /* View+MASShorthandAdditions.h */,
				D239C3F31F35D57600490946 /* ViewController+MASAdditions.h */,
				D239C3F41F35D57600490946 /* ViewController+MASAdditions.m */,
			);
			path = Masonry;
			sourceTree = "<group>";
		};
/* End PBXGroup section */

/* Begin PBXNativeTarget section */
		D239C3A01F35C6EB00490946 /* 编程思想 */ = {
			isa = PBXNativeTarget;
			buildConfigurationList = D239C3CE1F35C6EB00490946 /* Build configuration list for PBXNativeTarget "编程思想" */;
			buildPhases = (
				D239C39D1F35C6EB00490946 /* Sources */,
				D239C39E1F35C6EB00490946 /* Frameworks */,
				D239C39F1F35C6EB00490946 /* Resources */,
			);
			buildRules = (
			);
			dependencies = (
			);
			name = "编程思想";
			productName = "编程思想";
			productReference = D239C3A11F35C6EB00490946 /* 编程思想.app */;
			productType = "com.apple.product-type.application";
		};
		D239C3B91F35C6EB00490946 /* 编程思想Tests */ = {
			isa = PBXNativeTarget;
			buildConfigurationList = D239C3D11F35C6EB00490946 /* Build configuration list for PBXNativeTarget "编程思想Tests" */;
			buildPhases = (
				D239C3B61F35C6EB00490946 /* Sources */,
				D239C3B71F35C6EB00490946 /* Frameworks */,
				D239C3B81F35C6EB00490946 /* Resources */,
			);
			buildRules = (
			);
			dependencies = (
				D239C3BC1F35C6EB00490946 /* PBXTargetDependency */,
			);
			name = "编程思想Tests";
			productName = "编程思想Tests";
			productReference = D239C3BA1F35C6EB00490946 /* 编程思想Tests.xctest */;
			productType = "com.apple.product-type.bundle.unit-test";
		};
		D239C3C41F35C6EB00490946 /* 编程思想UITests */ = {
			isa = PBXNativeTarget;
			buildConfigurationList = D239C3D41F35C6EB00490946 /* Build configuration list for PBXNativeTarget "编程思想UITests" */;
			buildPhases = (
				D239C3C11F35C6EB00490946 /* Sources */,
				D239C3C21F35C6EB00490946 /* Frameworks */,
				D239C3C31F35C6EB00490946 /* Resources */,
			);
			buildRules = (
			);
			dependencies = (
				D239C3C71F35C6EB00490946 /* PBXTargetDependency */,
			);
			name = "编程思想UITests";
			productName = "编程思想UITests";
			productReference = D239C3C51F35C6EB00490946 /* 编程思想UITests.xctest */;
			productType = "com.apple.product-type.bundle.ui-testing";
		};
/* End PBXNativeTarget section */

/* Begin PBXProject section */
		D239C3991F35C6EB00490946 /* Project object */ = {
			isa = PBXProject;
			attributes = {
				LastUpgradeCheck = 0830;
				ORGANIZATIONNAME = Yochi;
				TargetAttributes = {
					D239C3A01F35C6EB00490946 = {
						CreatedOnToolsVersion = 8.3.3;
						DevelopmentTeam = 229U5KUWGH;
						ProvisioningStyle = Automatic;
					};
					D239C3B91F35C6EB00490946 = {
						CreatedOnToolsVersion = 8.3.3;
						DevelopmentTeam = 229U5KUWGH;
						ProvisioningStyle = Automatic;
						TestTargetID = D239C3A01F35C6EB00490946;
					};
					D239C3C41F35C6EB00490946 = {
						CreatedOnToolsVersion = 8.3.3;
						DevelopmentTeam = 229U5KUWGH;
						ProvisioningStyle = Automatic;
						TestTargetID = D239C3A01F35C6EB00490946;
					};
				};
			};
			buildConfigurationList = D239C39C1F35C6EB00490946 /* Build configuration list for PBXProject "编程思想" */;
			compatibilityVersion = "Xcode 3.2";
			developmentRegion = English;
			hasScannedForEncodings = 0;
			knownRegions = (
				en,
				Base,
			);
			mainGroup = D239C3981F35C6EB00490946;
			productRefGroup = D239C3A21F35C6EB00490946 /* Products */;
			projectDirPath = "";
			projectRoot = "";
			targets = (
				D239C3A01F35C6EB00490946 /* 编程思想 */,
				D239C3B91F35C6EB00490946 /* 编程思想Tests */,
				D239C3C41F35C6EB00490946 /* 编程思想UITests */,
			);
		};
/* End PBXProject section */

/* Begin PBXResourcesBuildPhase section */
		D239C39F1F35C6EB00490946 /* Resources */ = {
			isa = PBXResourcesBuildPhase;
			buildActionMask = 2147483647;
			files = (
				D239C3F51F35D57600490946 /* Info.plist in Resources */,
				D239C3B41F35C6EB00490946 /* LaunchScreen.storyboard in Resources */,
				D239C3B11F35C6EB00490946 /* Assets.xcassets in Resources */,
				D239C3AF1F35C6EB00490946 /* Main.storyboard in Resources */,
			);
			runOnlyForDeploymentPostprocessing = 0;
		};
		D239C3B81F35C6EB00490946 /* Resources */ = {
			isa = PBXResourcesBuildPhase;
			buildActionMask = 2147483647;
			files = (
			);
			runOnlyForDeploymentPostprocessing = 0;
		};
		D239C3C31F35C6EB00490946 /* Resources */ = {
			isa = PBXResourcesBuildPhase;
			buildActionMask = 2147483647;
			files = (
			);
			runOnlyForDeploymentPostprocessing = 0;
		};
/* End PBXResourcesBuildPhase section */

/* Begin PBXSourcesBuildPhase section */
		D239C39D1F35C6EB00490946 /* Sources */ = {
			isa = PBXSourcesBuildPhase;
			buildActionMask = 2147483647;
			files = (
				D239C3F81F35D57600490946 /* MASConstraintMaker.m in Sources */,
				D239C3AC1F35C6EB00490946 /* ViewController.m in Sources */,
				D239C3A91F35C6EB00490946 /* AppDelegate.m in Sources */,
				D239C4021F35E95700490946 /* addCalculator.m in Sources */,
				D239C3F71F35D57600490946 /* MASConstraint.m in Sources */,
				D239C3FF1F35D57600490946 /* ViewController+MASAdditions.m in Sources */,
				D239C3F91F35D57600490946 /* MASLayoutConstraint.m in Sources */,
				D239C3FC1F35D57600490946 /* NSArray+MASAdditions.m in Sources */,
				D239C3FB1F35D57600490946 /* MASViewConstraint.m in Sources */,
				D239C3FA1F35D57600490946 /* MASViewAttribute.m in Sources */,
				D239C3FE1F35D57600490946 /* View+MASAdditions.m in Sources */,
				D239C3D91F35C70D00490946 /* Person.m in Sources */,
				D239C3A61F35C6EB00490946 /* main.m in Sources */,
				D24128551F36C1E300E2970C /* NSObject+CustomKVO.m in Sources */,
				D239C3F61F35D57600490946 /* MASCompositeConstraint.m in Sources */,
				D239C3FD1F35D57600490946 /* NSLayoutConstraint+MASDebugAdditions.m in Sources */,
			);
			runOnlyForDeploymentPostprocessing = 0;
		};
		D239C3B61F35C6EB00490946 /* Sources */ = {
			isa = PBXSourcesBuildPhase;
			buildActionMask = 2147483647;
			files = (
				D239C3BF1F35C6EB00490946 /* ____Tests.m in Sources */,
			);
			runOnlyForDeploymentPostprocessing = 0;
		};
		D239C3C11F35C6EB00490946 /* Sources */ = {
			isa = PBXSourcesBuildPhase;
			buildActionMask = 2147483647;
			files = (
				D239C3CA1F35C6EB00490946 /* ____UITests.m in Sources */,
			);
			runOnlyForDeploymentPostprocessing = 0;
		};
/* End PBXSourcesBuildPhase section */

/* Begin PBXTargetDependency section */
		D239C3BC1F35C6EB00490946 /* PBXTargetDependency */ = {
			isa = PBXTargetDependency;
			target = D239C3A01F35C6EB00490946 /* 编程思想 */;
			targetProxy = D239C3BB1F35C6EB00490946 /* PBXContainerItemProxy */;
		};
		D239C3C71F35C6EB00490946 /* PBXTargetDependency */ = {
			isa = PBXTargetDependency;
			target = D239C3A01F35C6EB00490946 /* 编程思想 */;
			targetProxy = D239C3C61F35C6EB00490946 /* PBXContainerItemProxy */;
		};
/* End PBXTargetDependency section */

/* Begin PBXVariantGroup section */
		D239C3AD1F35C6EB00490946 /* Main.storyboard */ = {
			isa = PBXVariantGroup;
			children = (
				D239C3AE1F35C6EB00490946 /* Base */,
			);
			name = Main.storyboard;
			sourceTree = "<group>";
		};
		D239C3B21F35C6EB00490946 /* LaunchScreen.storyboard */ = {
			isa = PBXVariantGroup;
			children = (
				D239C3B31F35C6EB00490946 /* Base */,
			);
			name = LaunchScreen.storyboard;
			sourceTree = "<group>";
		};
/* End PBXVariantGroup section */

/* Begin XCBuildConfiguration section */
		D239C3CC1F35C6EB00490946 /* Debug */ = {
			isa = XCBuildConfiguration;
			buildSettings = {
				ALWAYS_SEARCH_USER_PATHS = NO;
				CLANG_ANALYZER_NONNULL = YES;
				CLANG_ANALYZER_NUMBER_OBJECT_CONVERSION = YES_AGGRESSIVE;
				CLANG_CXX_LANGUAGE_STANDARD = "gnu++0x";
				CLANG_CXX_LIBRARY = "libc++";
				CLANG_ENABLE_MODULES = YES;
				CLANG_ENABLE_OBJC_ARC = YES;
				CLANG_WARN_BOOL_CONVERSION = YES;
				CLANG_WARN_CONSTANT_CONVERSION = YES;
				CLANG_WARN_DIRECT_OBJC_ISA_USAGE = YES_ERROR;
				CLANG_WARN_DOCUMENTATION_COMMENTS = YES;
				CLANG_WARN_EMPTY_BODY = YES;
				CLANG_WARN_ENUM_CONVERSION = YES;
				CLANG_WARN_INFINITE_RECURSION = YES;
				CLANG_WARN_INT_CONVERSION = YES;
				CLANG_WARN_OBJC_ROOT_CLASS = YES_ERROR;
				CLANG_WARN_SUSPICIOUS_MOVE = YES;
				CLANG_WARN_UNREACHABLE_CODE = YES;
				CLANG_WARN__DUPLICATE_METHOD_MATCH = YES;
				"CODE_SIGN_IDENTITY[sdk=iphoneos*]" = "iPhone Developer";
				COPY_PHASE_STRIP = NO;
				DEBUG_INFORMATION_FORMAT = dwarf;
				ENABLE_STRICT_OBJC_MSGSEND = YES;
				ENABLE_TESTABILITY = YES;
				GCC_C_LANGUAGE_STANDARD = gnu99;
				GCC_DYNAMIC_NO_PIC = NO;
				GCC_NO_COMMON_BLOCKS = YES;
				GCC_OPTIMIZATION_LEVEL = 0;
				GCC_PREPROCESSOR_DEFINITIONS = (
					"DEBUG=1",
					"$(inherited)",
				);
				GCC_WARN_64_TO_32_BIT_CONVERSION = YES;
				GCC_WARN_ABOUT_RETURN_TYPE = YES_ERROR;
				GCC_WARN_UNDECLARED_SELECTOR = YES;
				GCC_WARN_UNINITIALIZED_AUTOS = YES_AGGRESSIVE;
				GCC_WARN_UNUSED_FUNCTION = YES;
				GCC_WARN_UNUSED_VARIABLE = YES;
				IPHONEOS_DEPLOYMENT_TARGET = 10.3;
				MTL_ENABLE_DEBUG_INFO = YES;
				ONLY_ACTIVE_ARCH = YES;
				SDKROOT = iphoneos;
				TARGETED_DEVICE_FAMILY = "1,2";
			};
			name = Debug;
		};
		D239C3CD1F35C6EB00490946 /* Release */ = {
			isa = XCBuildConfiguration;
			buildSettings = {
				ALWAYS_SEARCH_USER_PATHS = NO;
				CLANG_ANALYZER_NONNULL = YES;
				CLANG_ANALYZER_NUMBER_OBJECT_CONVERSION = YES_AGGRESSIVE;
				CLANG_CXX_LANGUAGE_STANDARD = "gnu++0x";
				CLANG_CXX_LIBRARY = "libc++";
				CLANG_ENABLE_MODULES = YES;
				CLANG_ENABLE_OBJC_ARC = YES;
				CLANG_WARN_BOOL_CONVERSION = YES;
				CLANG_WARN_CONSTANT_CONVERSION = YES;
				CLANG_WARN_DIRECT_OBJC_ISA_USAGE = YES_ERROR;
				CLANG_WARN_DOCUMENTATION_COMMENTS = YES;
				CLANG_WARN_EMPTY_BODY = YES;
				CLANG_WARN_ENUM_CONVERSION = YES;
				CLANG_WARN_INFINITE_RECURSION = YES;
				CLANG_WARN_INT_CONVERSION = YES;
				CLANG_WARN_OBJC_ROOT_CLASS = YES_ERROR;
				CLANG_WARN_SUSPICIOUS_MOVE = YES;
				CLANG_WARN_UNREACHABLE_CODE = YES;
				CLANG_WARN__DUPLICATE_METHOD_MATCH = YES;
				"CODE_SIGN_IDENTITY[sdk=iphoneos*]" = "iPhone Developer";
				COPY_PHASE_STRIP = NO;
				DEBUG_INFORMATION_FORMAT = "dwarf-with-dsym";
				ENABLE_NS_ASSERTIONS = NO;
				ENABLE_STRICT_OBJC_MSGSEND = YES;
				GCC_C_LANGUAGE_STANDARD = gnu99;
				GCC_NO_COMMON_BLOCKS = YES;
				GCC_WARN_64_TO_32_BIT_CONVERSION = YES;
				GCC_WARN_ABOUT_RETURN_TYPE = YES_ERROR;
				GCC_WARN_UNDECLARED_SELECTOR = YES;
				GCC_WARN_UNINITIALIZED_AUTOS = YES_AGGRESSIVE;
				GCC_WARN_UNUSED_FUNCTION = YES;
				GCC_WARN_UNUSED_VARIABLE = YES;
				IPHONEOS_DEPLOYMENT_TARGET = 10.3;
				MTL_ENABLE_DEBUG_INFO = NO;
				SDKROOT = iphoneos;
				TARGETED_DEVICE_FAMILY = "1,2";
				VALIDATE_PRODUCT = YES;
			};
			name = Release;
		};
		D239C3CF1F35C6EB00490946 /* Debug */ = {
			isa = XCBuildConfiguration;
			buildSettings = {
				ASSETCATALOG_COMPILER_APPICON_NAME = AppIcon;
				DEVELOPMENT_TEAM = 229U5KUWGH;
				ENABLE_STRICT_OBJC_MSGSEND = NO;
				INFOPLIST_FILE = "编程思想/Info.plist";
				LD_RUNPATH_SEARCH_PATHS = "$(inherited) @executable_path/Frameworks";
				PRODUCT_BUNDLE_IDENTIFIER = "com.Yochi.----";
				PRODUCT_NAME = "$(TARGET_NAME)";
			};
			name = Debug;
		};
		D239C3D01F35C6EB00490946 /* Release */ = {
			isa = XCBuildConfiguration;
			buildSettings = {
				ASSETCATALOG_COMPILER_APPICON_NAME = AppIcon;
				DEVELOPMENT_TEAM = 229U5KUWGH;
				ENABLE_STRICT_OBJC_MSGSEND = NO;
				INFOPLIST_FILE = "编程思想/Info.plist";
				LD_RUNPATH_SEARCH_PATHS = "$(inherited) @executable_path/Frameworks";
				PRODUCT_BUNDLE_IDENTIFIER = "com.Yochi.----";
				PRODUCT_NAME = "$(TARGET_NAME)";
			};
			name = Release;
		};
		D239C3D21F35C6EB00490946 /* Debug */ = {
			isa = XCBuildConfiguration;
			buildSettings = {
				BUNDLE_LOADER = "$(TEST_HOST)";
				DEVELOPMENT_TEAM = 229U5KUWGH;
				INFOPLIST_FILE = "编程思想Tests/Info.plist";
				LD_RUNPATH_SEARCH_PATHS = "$(inherited) @executable_path/Frameworks @loader_path/Frameworks";
				PRODUCT_BUNDLE_IDENTIFIER = "com.Yochi.----Tests";
				PRODUCT_NAME = "$(TARGET_NAME)";
				TEST_HOST = "$(BUILT_PRODUCTS_DIR)/编程思想.app/编程思想";
			};
			name = Debug;
		};
		D239C3D31F35C6EB00490946 /* Release */ = {
			isa = XCBuildConfiguration;
			buildSettings = {
				BUNDLE_LOADER = "$(TEST_HOST)";
				DEVELOPMENT_TEAM = 229U5KUWGH;
				INFOPLIST_FILE = "编程思想Tests/Info.plist";
				LD_RUNPATH_SEARCH_PATHS = "$(inherited) @executable_path/Frameworks @loader_path/Frameworks";
				PRODUCT_BUNDLE_IDENTIFIER = "com.Yochi.----Tests";
				PRODUCT_NAME = "$(TARGET_NAME)";
				TEST_HOST = "$(BUILT_PRODUCTS_DIR)/编程思想.app/编程思想";
			};
			name = Release;
		};
		D239C3D51F35C6EB00490946 /* Debug */ = {
			isa = XCBuildConfiguration;
			buildSettings = {
				DEVELOPMENT_TEAM = 229U5KUWGH;
				INFOPLIST_FILE = "编程思想UITests/Info.plist";
				LD_RUNPATH_SEARCH_PATHS = "$(inherited) @executable_path/Frameworks @loader_path/Frameworks";
				PRODUCT_BUNDLE_IDENTIFIER = "com.Yochi.----UITests";
				PRODUCT_NAME = "$(TARGET_NAME)";
				TEST_TARGET_NAME = "编程思想";
			};
			name = Debug;
		};
		D239C3D61F35C6EB00490946 /* Release */ = {
			isa = XCBuildConfiguration;
			buildSettings = {
				DEVELOPMENT_TEAM = 229U5KUWGH;
				INFOPLIST_FILE = "编程思想UITests/Info.plist";
				LD_RUNPATH_SEARCH_PATHS = "$(inherited) @executable_path/Frameworks @loader_path/Frameworks";
				PRODUCT_BUNDLE_IDENTIFIER = "com.Yochi.----UITests";
				PRODUCT_NAME = "$(TARGET_NAME)";
				TEST_TARGET_NAME = "编程思想";
			};
			name = Release;
		};
/* End XCBuildConfiguration section */

/* Begin XCConfigurationList section */
		D239C39C1F35C6EB00490946 /* Build configuration list for PBXProject "编程思想" */ = {
			isa = XCConfigurationList;
			buildConfigurations = (
				D239C3CC1F35C6EB00490946 /* Debug */,
				D239C3CD1F35C6EB00490946 /* Release */,
			);
			defaultConfigurationIsVisible = 0;
			defaultConfigurationName = Release;
		};
		D239C3CE1F35C6EB00490946 /* Build configuration list for PBXNativeTarget "编程思想" */ = {
			isa = XCConfigurationList;
			buildConfigurations = (
				D239C3CF1F35C6EB00490946 /* Debug */,
				D239C3D01F35C6EB00490946 /* Release */,
			);
			defaultConfigurationIsVisible = 0;
			defaultConfigurationName = Release;
		};
		D239C3D11F35C6EB00490946 /* Build configuration list for PBXNativeTarget "编程思想Tests" */ = {
			isa = XCConfigurationList;
			buildConfigurations = (
				D239C3D21F35C6EB00490946 /* Debug */,
				D239C3D31F35C6EB00490946 /* Release */,
			);
			defaultConfigurationIsVisible = 0;
			defaultConfigurationName = Release;
		};
		D239C3D41F35C6EB00490946 /* Build configuration list for PBXNativeTarget "编程思想UITests" */ = {
			isa = XCConfigurationList;
			buildConfigurations = (
				D239C3D51F35C6EB00490946 /* Debug */,
				D239C3D61F35C6EB00490946 /* Release */,
			);
			defaultConfigurationIsVisible = 0;
			defaultConfigurationName = Release;
		};
/* End XCConfigurationList section */
	};
	rootObject = D239C3991F35C6EB00490946 /* Project object */;
}
