// !$*UTF8*$!
{
	archiveVersion = 1;
	classes = {
	};
	objectVersion = 46;
	objects = {

/* Begin PBXBuildFile section */
		D24128641F3714AD00E2970C /* main.m in Sources */ = {isa = PBXBuildFile; fileRef = D24128631F3714AD00E2970C /* main.m */; };
		D24128671F3714AD00E2970C /* AppDelegate.m in Sources */ = {isa = PBXBuildFile; fileRef = D24128661F3714AD00E2970C /* AppDelegate.m */; };
		D241286A1F3714AD00E2970C /* ViewController.m in Sources */ = {isa = PBXBuildFile; fileRef = D24128691F3714AD00E2970C /* ViewController.m */; };
		D241286D1F3714AE00E2970C /* Main.storyboard in Resources */ = {isa = PBXBuildFile; fileRef = D241286B1F3714AE00E2970C /* Main.storyboard */; };
		D241286F1F3714AE00E2970C /* Assets.xcassets in Resources */ = {isa = PBXBuildFile; fileRef = D241286E1F3714AE00E2970C /* Assets.xcassets */; };
		D24128721F3714AE00E2970C /* LaunchScreen.storyboard in Resources */ = {isa = PBXBuildFile; fileRef = D24128701F3714AE00E2970C /* LaunchScreen.storyboard */; };
		D241287D1F3714AE00E2970C /* ProgrammingThoughtTests.m in Sources */ = {isa = PBXBuildFile; fileRef = D241287C1F3714AE00E2970C /* ProgrammingThoughtTests.m */; };
		D24128881F3714AE00E2970C /* ProgrammingThoughtUITests.m in Sources */ = {isa = PBXBuildFile; fileRef = D24128871F3714AE00E2970C /* ProgrammingThoughtUITests.m */; };
		D24128B81F3714C600E2970C /* addCalculator.m in Sources */ = {isa = PBXBuildFile; fileRef = D24128961F3714C600E2970C /* addCalculator.m */; };
		D24128B91F3714C600E2970C /* Info.plist in Resources */ = {isa = PBXBuildFile; fileRef = D24128981F3714C600E2970C /* Info.plist */; };
		D24128BA1F3714C600E2970C /* MASCompositeConstraint.m in Sources */ = {isa = PBXBuildFile; fileRef = D241289A1F3714C600E2970C /* MASCompositeConstraint.m */; };
		D24128BB1F3714C600E2970C /* MASConstraint.m in Sources */ = {isa = PBXBuildFile; fileRef = D241289D1F3714C600E2970C /* MASConstraint.m */; };
		D24128BC1F3714C600E2970C /* MASConstraintMaker.m in Sources */ = {isa = PBXBuildFile; fileRef = D241289F1F3714C600E2970C /* MASConstraintMaker.m */; };
		D24128BD1F3714C600E2970C /* MASLayoutConstraint.m in Sources */ = {isa = PBXBuildFile; fileRef = D24128A11F3714C600E2970C /* MASLayoutConstraint.m */; };
		D24128BE1F3714C600E2970C /* MASViewAttribute.m in Sources */ = {isa = PBXBuildFile; fileRef = D24128A51F3714C600E2970C /* MASViewAttribute.m */; };
		D24128BF1F3714C600E2970C /* MASViewConstraint.m in Sources */ = {isa = PBXBuildFile; fileRef = D24128A71F3714C600E2970C /* MASViewConstraint.m */; };
		D24128C01F3714C600E2970C /* NSArray+MASAdditions.m in Sources */ = {isa = PBXBuildFile; fileRef = D24128A91F3714C600E2970C /* NSArray+MASAdditions.m */; };
		D24128C11F3714C600E2970C /* NSLayoutConstraint+MASDebugAdditions.m in Sources */ = {isa = PBXBuildFile; fileRef = D24128AC1F3714C600E2970C /* NSLayoutConstraint+MASDebugAdditions.m */; };
		D24128C21F3714C600E2970C /* View+MASAdditions.m in Sources */ = {isa = PBXBuildFile; fileRef = D24128AE1F3714C600E2970C /* View+MASAdditions.m */; };
		D24128C31F3714C600E2970C /* ViewController+MASAdditions.m in Sources */ = {isa = PBXBuildFile; fileRef = D24128B11F3714C600E2970C /* ViewController+MASAdditions.m */; };
		D24128C41F3714C600E2970C /* NSObject+CustomKVO.m in Sources */ = {isa = PBXBuildFile; fileRef = D24128B31F3714C600E2970C /* NSObject+CustomKVO.m */; };
		D24128C51F3714C600E2970C /* Person.m in Sources */ = {isa = PBXBuildFile; fileRef = D24128B51F3714C600E2970C /* Person.m */; };
/* End PBXBuildFile section */

/* Begin PBXContainerItemProxy section */
		D24128791F3714AE00E2970C /* PBXContainerItemProxy */ = {
			isa = PBXContainerItemProxy;
			containerPortal = D24128571F3714AD00E2970C /* Project object */;
			proxyType = 1;
			remoteGlobalIDString = D241285E1F3714AD00E2970C;
			remoteInfo = ProgrammingThought;
		};
		D24128841F3714AE00E2970C /* PBXContainerItemProxy */ = {
			isa = PBXContainerItemProxy;
			containerPortal = D24128571F3714AD00E2970C /* Project object */;
			proxyType = 1;
			remoteGlobalIDString = D241285E1F3714AD00E2970C;
			remoteInfo = ProgrammingThought;
		};
/* End PBXContainerItemProxy section */

/* Begin PBXFileReference section */
		D241285F1F3714AD00E2970C /* ProgrammingThought.app */ = {isa = PBXFileReference; explicitFileType = wrapper.application; includeInIndex = 0; path = ProgrammingThought.app; sourceTree = BUILT_PRODUCTS_DIR; };
		D24128631F3714AD00E2970C /* main.m */ = {isa = PBXFileReference; lastKnownFileType = sourcecode.c.objc; path = main.m; sourceTree = "<group>"; };
		D24128651F3714AD00E2970C /* AppDelegate.h */ = {isa = PBXFileReference; lastKnownFileType = sourcecode.c.h; path = AppDelegate.h; sourceTree = "<group>"; };
		D24128661F3714AD00E2970C /* AppDelegate.m */ = {isa = PBXFileReference; lastKnownFileType = sourcecode.c.objc; path = AppDelegate.m; sourceTree = "<group>"; };
		D24128681F3714AD00E2970C /* ViewController.h */ = {isa = PBXFileReference; lastKnownFileType = sourcecode.c.h; path = ViewController.h; sourceTree = "<group>"; };
		D24128691F3714AD00E2970C /* ViewController.m */ = {isa = PBXFileReference; lastKnownFileType = sourcecode.c.objc; path = ViewController.m; sourceTree = "<group>"; };
		D241286C1F3714AE00E2970C /* Base */ = {isa = PBXFileReference; lastKnownFileType = file.storyboard; name = Base; path = Base.lproj/Main.storyboard; sourceTree = "<group>"; };
		D241286E1F3714AE00E2970C /* Assets.xcassets */ = {isa = PBXFileReference; lastKnownFileType = folder.assetcatalog; path = Assets.xcassets; sourceTree = "<group>"; };
		D24128711F3714AE00E2970C /* Base */ = {isa = PBXFileReference; lastKnownFileType = file.storyboard; name = Base; path = Base.lproj/LaunchScreen.storyboard; sourceTree = "<group>"; };
		D24128731F3714AE00E2970C /* Info.plist */ = {isa = PBXFileReference; lastKnownFileType = text.plist.xml; path = Info.plist; sourceTree = "<group>"; };
		D24128781F3714AE00E2970C /* ProgrammingThoughtTests.xctest */ = {isa = PBXFileReference; explicitFileType = wrapper.cfbundle; includeInIndex = 0; path = ProgrammingThoughtTests.xctest; sourceTree = BUILT_PRODUCTS_DIR; };
		D241287C1F3714AE00E2970C /* ProgrammingThoughtTests.m */ = {isa = PBXFileReference; lastKnownFileType = sourcecode.c.objc; path = ProgrammingThoughtTests.m; sourceTree = "<group>"; };
		D241287E1F3714AE00E2970C /* Info.plist */ = {isa = PBXFileReference; lastKnownFileType = text.plist.xml; path = Info.plist; sourceTree = "<group>"; };
		D24128831F3714AE00E2970C /* ProgrammingThoughtUITests.xctest */ = {isa = PBXFileReference; explicitFileType = wrapper.cfbundle; includeInIndex = 0; path = ProgrammingThoughtUITests.xctest; sourceTree = BUILT_PRODUCTS_DIR; };
		D24128871F3714AE00E2970C /* ProgrammingThoughtUITests.m */ = {isa = PBXFileReference; lastKnownFileType = sourcecode.c.objc; path = ProgrammingThoughtUITests.m; sourceTree = "<group>"; };
		D24128891F3714AE00E2970C /* Info.plist */ = {isa = PBXFileReference; lastKnownFileType = text.plist.xml; path = Info.plist; sourceTree = "<group>"; };
		D24128951F3714C600E2970C /* addCalculator.h */ = {isa = PBXFileReference; fileEncoding = 4; lastKnownFileType = sourcecode.c.h; path = addCalculator.h; sourceTree = "<group>"; };
		D24128961F3714C600E2970C /* addCalculator.m */ = {isa = PBXFileReference; fileEncoding = 4; lastKnownFileType = sourcecode.c.objc; path = addCalculator.m; sourceTree = "<group>"; };
		D24128981F3714C600E2970C /* Info.plist */ = {isa = PBXFileReference; fileEncoding = 4; lastKnownFileType = text.plist.xml; path = Info.plist; sourceTree = "<group>"; };
		D24128991F3714C600E2970C /* MASCompositeConstraint.h */ = {isa = PBXFileReference; fileEncoding = 4; lastKnownFileType = sourcecode.c.h; path = MASCompositeConstraint.h; sourceTree = "<group>"; };
		D241289A1F3714C600E2970C /* MASCompositeConstraint.m */ = {isa = PBXFileReference; fileEncoding = 4; lastKnownFileType = sourcecode.c.objc; path = MASCompositeConstraint.m; sourceTree = "<group>"; };
		D241289B1F3714C600E2970C /* MASConstraint+Private.h */ = {isa = PBXFileReference; fileEncoding = 4; lastKnownFileType = sourcecode.c.h; path = "MASConstraint+Private.h"; sourceTree = "<group>"; };
		D241289C1F3714C600E2970C /* MASConstraint.h */ = {isa = PBXFileReference; fileEncoding = 4; lastKnownFileType = sourcecode.c.h; path = MASConstraint.h; sourceTree = "<group>"; };
		D241289D1F3714C600E2970C /* MASConstraint.m */ = {isa = PBXFileReference; fileEncoding = 4; lastKnownFileType = sourcecode.c.objc; path = MASConstraint.m; sourceTree = "<group>"; };
		D241289E1F3714C600E2970C /* MASConstraintMaker.h */ = {isa = PBXFileReference; fileEncoding = 4; lastKnownFileType = sourcecode.c.h; path = MASConstraintMaker.h; sourceTree = "<group>"; };
		D241289F1F3714C600E2970C /* MASConstraintMaker.m */ = {isa = PBXFileReference; fileEncoding = 4; lastKnownFileType = sourcecode.c.objc; path = MASConstraintMaker.m; sourceTree = "<group>"; };
		D24128A01F3714C600E2970C /* MASLayoutConstraint.h */ = {isa = PBXFileReference; fileEncoding = 4; lastKnownFileType = sourcecode.c.h; path = MASLayoutConstraint.h; sourceTree = "<group>"; };
		D24128A11F3714C600E2970C /* MASLayoutConstraint.m */ = {isa = PBXFileReference; fileEncoding = 4; lastKnownFileType = sourcecode.c.objc; path = MASLayoutConstraint.m; sourceTree = "<group>"; };
		D24128A21F3714C600E2970C /* Masonry.h */ = {isa = PBXFileReference; fileEncoding = 4; lastKnownFileType = sourcecode.c.h; path = Masonry.h; sourceTree = "<group>"; };
		D24128A31F3714C600E2970C /* MASUtilities.h */ = {isa = PBXFileReference; fileEncoding = 4; lastKnownFileType = sourcecode.c.h; path = MASUtilities.h; sourceTree = "<group>"; };
		D24128A41F3714C600E2970C /* MASViewAttribute.h */ = {isa = PBXFileReference; fileEncoding = 4; lastKnownFileType = sourcecode.c.h; path = MASViewAttribute.h; sourceTree = "<group>"; };
		D24128A51F3714C600E2970C /* MASViewAttribute.m */ = {isa = PBXFileReference; fileEncoding = 4; lastKnownFileType = sourcecode.c.objc; path = MASViewAttribute.m; sourceTree = "<group>"; };
		D24128A61F3714C600E2970C /* MASViewConstraint.h */ = {isa = PBXFileReference; fileEncoding = 4; lastKnownFileType = sourcecode.c.h; path = MASViewConstraint.h; sourceTree = "<group>"; };
		D24128A71F3714C600E2970C /* MASViewConstraint.m */ = {isa = PBXFileReference; fileEncoding = 4; lastKnownFileType = sourcecode.c.objc; path = MASViewConstraint.m; sourceTree = "<group>"; };
		D24128A81F3714C600E2970C /* NSArray+MASAdditions.h */ = {isa = PBXFileReference; fileEncoding = 4; lastKnownFileType = sourcecode.c.h; path = "NSArray+MASAdditions.h"; sourceTree = "<group>"; };
		D24128A91F3714C600E2970C /* NSArray+MASAdditions.m */ = {isa = PBXFileReference; fileEncoding = 4; lastKnownFileType = sourcecode.c.objc; path = "NSArray+MASAdditions.m"; sourceTree = "<group>"; };
		D24128AA1F3714C600E2970C /* NSArray+MASShorthandAdditions.h */ = {isa = PBXFileReference; fileEncoding = 4; lastKnownFileType = sourcecode.c.h; path = "NSArray+MASShorthandAdditions.h"; sourceTree = "<group>"; };
		D24128AB1F3714C600E2970C /* NSLayoutConstraint+MASDebugAdditions.h */ = {isa = PBXFileReference; fileEncoding = 4; lastKnownFileType = sourcecode.c.h; path = "NSLayoutConstraint+MASDebugAdditions.h"; sourceTree = "<group>"; };
		D24128AC1F3714C600E2970C /* NSLayoutConstraint+MASDebugAdditions.m */ = {isa = PBXFileReference; fileEncoding = 4; lastKnownFileType = sourcecode.c.objc; path = "NSLayoutConstraint+MASDebugAdditions.m"; sourceTree = "<group>"; };
		D24128AD1F3714C600E2970C /* View+MASAdditions.h */ = {isa = PBXFileReference; fileEncoding = 4; lastKnownFileType = sourcecode.c.h; path = "View+MASAdditions.h"; sourceTree = "<group>"; };
		D24128AE1F3714C600E2970C /* View+MASAdditions.m */ = {isa = PBXFileReference; fileEncoding = 4; lastKnownFileType = sourcecode.c.objc; path = "View+MASAdditions.m"; sourceTree = "<group>"; };
		D24128AF1F3714C600E2970C /* View+MASShorthandAdditions.h */ = {isa = PBXFileReference; fileEncoding = 4; lastKnownFileType = sourcecode.c.h; path = "View+MASShorthandAdditions.h"; sourceTree = "<group>"; };
		D24128B01F3714C600E2970C /* ViewController+MASAdditions.h */ = {isa = PBXFileReference; fileEncoding = 4; lastKnownFileType = sourcecode.c.h; path = "ViewController+MASAdditions.h"; sourceTree = "<group>"; };
		D24128B11F3714C600E2970C /* ViewController+MASAdditions.m */ = {isa = PBXFileReference; fileEncoding = 4; lastKnownFileType = sourcecode.c.objc; path = "ViewController+MASAdditions.m"; sourceTree = "<group>"; };
		D24128B21F3714C600E2970C /* NSObject+CustomKVO.h */ = {isa = PBXFileReference; fileEncoding = 4; lastKnownFileType = sourcecode.c.h; path = "NSObject+CustomKVO.h"; sourceTree = "<group>"; };
		D24128B31F3714C600E2970C /* NSObject+CustomKVO.m */ = {isa = PBXFileReference; fileEncoding = 4; lastKnownFileType = sourcecode.c.objc; path = "NSObject+CustomKVO.m"; sourceTree = "<group>"; };
		D24128B41F3714C600E2970C /* Person.h */ = {isa = PBXFileReference; fileEncoding = 4; lastKnownFileType = sourcecode.c.h; path = Person.h; sourceTree = "<group>"; };
		D24128B51F3714C600E2970C /* Person.m */ = {isa = PBXFileReference; fileEncoding = 4; lastKnownFileType = sourcecode.c.objc; path = Person.m; sourceTree = "<group>"; };
/* End PBXFileReference section */

/* Begin PBXFrameworksBuildPhase section */
		D241285C1F3714AD00E2970C /* Frameworks */ = {
			isa = PBXFrameworksBuildPhase;
			buildActionMask = 2147483647;
			files = (
			);
			runOnlyForDeploymentPostprocessing = 0;
		};
		D24128751F3714AE00E2970C /* Frameworks */ = {
			isa = PBXFrameworksBuildPhase;
			buildActionMask = 2147483647;
			files = (
			);
			runOnlyForDeploymentPostprocessing = 0;
		};
		D24128801F3714AE00E2970C /* Frameworks */ = {
			isa = PBXFrameworksBuildPhase;
			buildActionMask = 2147483647;
			files = (
			);
			runOnlyForDeploymentPostprocessing = 0;
		};
/* End PBXFrameworksBuildPhase section */

/* Begin PBXGroup section */
		D24128561F3714AD00E2970C = {
			isa = PBXGroup;
			children = (
				D24128611F3714AD00E2970C /* ProgrammingThought */,
				D241287B1F3714AE00E2970C /* ProgrammingThoughtTests */,
				D24128861F3714AE00E2970C /* ProgrammingThoughtUITests */,
				D24128601F3714AD00E2970C /* Products */,
			);
			sourceTree = "<group>";
		};
		D24128601F3714AD00E2970C /* Products */ = {
			isa = PBXGroup;
			children = (
				D241285F1F3714AD00E2970C /* ProgrammingThought.app */,
				D24128781F3714AE00E2970C /* ProgrammingThoughtTests.xctest */,
				D24128831F3714AE00E2970C /* ProgrammingThoughtUITests.xctest */,
			);
			name = Products;
			sourceTree = "<group>";
		};
		D24128611F3714AD00E2970C /* ProgrammingThought */ = {
			isa = PBXGroup;
			children = (
				D24128971F3714C600E2970C /* Masonry */,
				D24128951F3714C600E2970C /* addCalculator.h */,
				D24128961F3714C600E2970C /* addCalculator.m */,
				D24128B21F3714C600E2970C /* NSObject+CustomKVO.h */,
				D24128B31F3714C600E2970C /* NSObject+CustomKVO.m */,
				D24128B41F3714C600E2970C /* Person.h */,
				D24128B51F3714C600E2970C /* Person.m */,
				D24128651F3714AD00E2970C /* AppDelegate.h */,
				D24128661F3714AD00E2970C /* AppDelegate.m */,
				D24128681F3714AD00E2970C /* ViewController.h */,
				D24128691F3714AD00E2970C /* ViewController.m */,
				D241286B1F3714AE00E2970C /* Main.storyboard */,
				D241286E1F3714AE00E2970C /* Assets.xcassets */,
				D24128701F3714AE00E2970C /* LaunchScreen.storyboard */,
				D24128731F3714AE00E2970C /* Info.plist */,
				D24128621F3714AD00E2970C /* Supporting Files */,
			);
			path = ProgrammingThought;
			sourceTree = "<group>";
		};
		D24128621F3714AD00E2970C /* Supporting Files */ = {
			isa = PBXGroup;
			children = (
				D24128631F3714AD00E2970C /* main.m */,
			);
			name = "Supporting Files";
			sourceTree = "<group>";
		};
		D241287B1F3714AE00E2970C /* ProgrammingThoughtTests */ = {
			isa = PBXGroup;
			children = (
				D241287C1F3714AE00E2970C /* ProgrammingThoughtTests.m */,
				D241287E1F3714AE00E2970C /* Info.plist */,
			);
			path = ProgrammingThoughtTests;
			sourceTree = "<group>";
		};
		D24128861F3714AE00E2970C /* ProgrammingThoughtUITests */ = {
			isa = PBXGroup;
			children = (
				D24128871F3714AE00E2970C /* ProgrammingThoughtUITests.m */,
				D24128891F3714AE00E2970C /* Info.plist */,
			);
			path = ProgrammingThoughtUITests;
			sourceTree = "<group>";
		};
		D24128971F3714C600E2970C /* Masonry */ = {
			isa = PBXGroup;
			children = (
				D24128981F3714C600E2970C /* Info.plist */,
				D24128991F3714C600E2970C /* MASCompositeConstraint.h */,
				D241289A1F3714C600E2970C /* MASCompositeConstraint.m */,
				D241289B1F3714C600E2970C /* MASConstraint+Private.h */,
				D241289C1F3714C600E2970C /* MASConstraint.h */,
				D241289D1F3714C600E2970C /* MASConstraint.m */,
				D241289E1F3714C600E2970C /* MASConstraintMaker.h */,
				D241289F1F3714C600E2970C /* MASConstraintMaker.m */,
				D24128A01F3714C600E2970C /* MASLayoutConstraint.h */,
				D24128A11F3714C600E2970C /* MASLayoutConstraint.m */,
				D24128A21F3714C600E2970C /* Masonry.h */,
				D24128A31F3714C600E2970C /* MASUtilities.h */,
				D24128A41F3714C600E2970C /* MASViewAttribute.h */,
				D24128A51F3714C600E2970C /* MASViewAttribute.m */,
				D24128A61F3714C600E2970C /* MASViewConstraint.h */,
				D24128A71F3714C600E2970C /* MASViewConstraint.m */,
				D24128A81F3714C600E2970C /* NSArray+MASAdditions.h */,
				D24128A91F3714C600E2970C /* NSArray+MASAdditions.m */,
				D24128AA1F3714C600E2970C /* NSArray+MASShorthandAdditions.h */,
				D24128AB1F3714C600E2970C /* NSLayoutConstraint+MASDebugAdditions.h */,
				D24128AC1F3714C600E2970C /* NSLayoutConstraint+MASDebugAdditions.m */,
				D24128AD1F3714C600E2970C /* View+MASAdditions.h */,
				D24128AE1F3714C600E2970C /* View+MASAdditions.m */,
				D24128AF1F3714C600E2970C /* View+MASShorthandAdditions.h */,
				D24128B01F3714C600E2970C /* ViewController+MASAdditions.h */,
				D24128B11F3714C600E2970C /* ViewController+MASAdditions.m */,
			);
			path = Masonry;
			sourceTree = "<group>";
		};
/* End PBXGroup section */

/* Begin PBXNativeTarget section */
		D241285E1F3714AD00E2970C /* ProgrammingThought */ = {
			isa = PBXNativeTarget;
			buildConfigurationList = D241288C1F3714AE00E2970C /* Build configuration list for PBXNativeTarget "ProgrammingThought" */;
			buildPhases = (
				D241285B1F3714AD00E2970C /* Sources */,
				D241285C1F3714AD00E2970C /* Frameworks */,
				D241285D1F3714AD00E2970C /* Resources */,
			);
			buildRules = (
			);
			dependencies = (
			);
			name = ProgrammingThought;
			productName = ProgrammingThought;
			productReference = D241285F1F3714AD00E2970C /* ProgrammingThought.app */;
			productType = "com.apple.product-type.application";
		};
		D24128771F3714AE00E2970C /* ProgrammingThoughtTests */ = {
			isa = PBXNativeTarget;
			buildConfigurationList = D241288F1F3714AE00E2970C /* Build configuration list for PBXNativeTarget "ProgrammingThoughtTests" */;
			buildPhases = (
				D24128741F3714AE00E2970C /* Sources */,
				D24128751F3714AE00E2970C /* Frameworks */,
				D24128761F3714AE00E2970C /* Resources */,
			);
			buildRules = (
			);
			dependencies = (
				D241287A1F3714AE00E2970C /* PBXTargetDependency */,
			);
			name = ProgrammingThoughtTests;
			productName = ProgrammingThoughtTests;
			productReference = D24128781F3714AE00E2970C /* ProgrammingThoughtTests.xctest */;
			productType = "com.apple.product-type.bundle.unit-test";
		};
		D24128821F3714AE00E2970C /* ProgrammingThoughtUITests */ = {
			isa = PBXNativeTarget;
			buildConfigurationList = D24128921F3714AE00E2970C /* Build configuration list for PBXNativeTarget "ProgrammingThoughtUITests" */;
			buildPhases = (
				D241287F1F3714AE00E2970C /* Sources */,
				D24128801F3714AE00E2970C /* Frameworks */,
				D24128811F3714AE00E2970C /* Resources */,
			);
			buildRules = (
			);
			dependencies = (
				D24128851F3714AE00E2970C /* PBXTargetDependency */,
			);
			name = ProgrammingThoughtUITests;
			productName = ProgrammingThoughtUITests;
			productReference = D24128831F3714AE00E2970C /* ProgrammingThoughtUITests.xctest */;
			productType = "com.apple.product-type.bundle.ui-testing";
		};
/* End PBXNativeTarget section */

/* Begin PBXProject section */
		D24128571F3714AD00E2970C /* Project object */ = {
			isa = PBXProject;
			attributes = {
				LastUpgradeCheck = 0830;
				ORGANIZATIONNAME = Yochi;
				TargetAttributes = {
					D241285E1F3714AD00E2970C = {
						CreatedOnToolsVersion = 8.3.3;
						DevelopmentTeam = 229U5KUWGH;
						ProvisioningStyle = Automatic;
					};
					D24128771F3714AE00E2970C = {
						CreatedOnToolsVersion = 8.3.3;
						DevelopmentTeam = 229U5KUWGH;
						ProvisioningStyle = Automatic;
						TestTargetID = D241285E1F3714AD00E2970C;
					};
					D24128821F3714AE00E2970C = {
						CreatedOnToolsVersion = 8.3.3;
						DevelopmentTeam = 229U5KUWGH;
						ProvisioningStyle = Automatic;
						TestTargetID = D241285E1F3714AD00E2970C;
					};
				};
			};
			buildConfigurationList = D241285A1F3714AD00E2970C /* Build configuration list for PBXProject "ProgrammingThought" */;
			compatibilityVersion = "Xcode 3.2";
			developmentRegion = English;
			hasScannedForEncodings = 0;
			knownRegions = (
				en,
				Base,
			);
			mainGroup = D24128561F3714AD00E2970C;
			productRefGroup = D24128601F3714AD00E2970C /* Products */;
			projectDirPath = "";
			projectRoot = "";
			targets = (
				D241285E1F3714AD00E2970C /* ProgrammingThought */,
				D24128771F3714AE00E2970C /* ProgrammingThoughtTests */,
				D24128821F3714AE00E2970C /* ProgrammingThoughtUITests */,
			);
		};
/* End PBXProject section */

/* Begin PBXResourcesBuildPhase section */
		D241285D1F3714AD00E2970C /* Resources */ = {
			isa = PBXResourcesBuildPhase;
			buildActionMask = 2147483647;
			files = (
				D24128B91F3714C600E2970C /* Info.plist in Resources */,
				D24128721F3714AE00E2970C /* LaunchScreen.storyboard in Resources */,
				D241286F1F3714AE00E2970C /* Assets.xcassets in Resources */,
				D241286D1F3714AE00E2970C /* Main.storyboard in Resources */,
			);
			runOnlyForDeploymentPostprocessing = 0;
		};
		D24128761F3714AE00E2970C /* Resources */ = {
			isa = PBXResourcesBuildPhase;
			buildActionMask = 2147483647;
			files = (
			);
			runOnlyForDeploymentPostprocessing = 0;
		};
		D24128811F3714AE00E2970C /* Resources */ = {
			isa = PBXResourcesBuildPhase;
			buildActionMask = 2147483647;
			files = (
			);
			runOnlyForDeploymentPostprocessing = 0;
		};
/* End PBXResourcesBuildPhase section */

/* Begin PBXSourcesBuildPhase section */
		D241285B1F3714AD00E2970C /* Sources */ = {
			isa = PBXSourcesBuildPhase;
			buildActionMask = 2147483647;
			files = (
				D24128BC1F3714C600E2970C /* MASConstraintMaker.m in Sources */,
				D241286A1F3714AD00E2970C /* ViewController.m in Sources */,
				D24128B81F3714C600E2970C /* addCalculator.m in Sources */,
				D24128BB1F3714C600E2970C /* MASConstraint.m in Sources */,
				D24128C31F3714C600E2970C /* ViewController+MASAdditions.m in Sources */,
				D24128BD1F3714C600E2970C /* MASLayoutConstraint.m in Sources */,
				D24128C01F3714C600E2970C /* NSArray+MASAdditions.m in Sources */,
				D24128BF1F3714C600E2970C /* MASViewConstraint.m in Sources */,
				D24128C41F3714C600E2970C /* NSObject+CustomKVO.m in Sources */,
				D24128BE1F3714C600E2970C /* MASViewAttribute.m in Sources */,
				D24128C51F3714C600E2970C /* Person.m in Sources */,
				D24128C21F3714C600E2970C /* View+MASAdditions.m in Sources */,
				D24128671F3714AD00E2970C /* AppDelegate.m in Sources */,
				D24128641F3714AD00E2970C /* main.m in Sources */,
				D24128BA1F3714C600E2970C /* MASCompositeConstraint.m in Sources */,
				D24128C11F3714C600E2970C /* NSLayoutConstraint+MASDebugAdditions.m in Sources */,
			);
			runOnlyForDeploymentPostprocessing = 0;
		};
		D24128741F3714AE00E2970C /* Sources */ = {
			isa = PBXSourcesBuildPhase;
			buildActionMask = 2147483647;
			files = (
				D241287D1F3714AE00E2970C /* ProgrammingThoughtTests.m in Sources */,
			);
			runOnlyForDeploymentPostprocessing = 0;
		};
		D241287F1F3714AE00E2970C /* Sources */ = {
			isa = PBXSourcesBuildPhase;
			buildActionMask = 2147483647;
			files = (
				D24128881F3714AE00E2970C /* ProgrammingThoughtUITests.m in Sources */,
			);
			runOnlyForDeploymentPostprocessing = 0;
		};
/* End PBXSourcesBuildPhase section */

/* Begin PBXTargetDependency section */
		D241287A1F3714AE00E2970C /* PBXTargetDependency */ = {
			isa = PBXTargetDependency;
			target = D241285E1F3714AD00E2970C /* ProgrammingThought */;
			targetProxy = D24128791F3714AE00E2970C /* PBXContainerItemProxy */;
		};
		D24128851F3714AE00E2970C /* PBXTargetDependency */ = {
			isa = PBXTargetDependency;
			target = D241285E1F3714AD00E2970C /* ProgrammingThought */;
			targetProxy = D24128841F3714AE00E2970C /* PBXContainerItemProxy */;
		};
/* End PBXTargetDependency section */

/* Begin PBXVariantGroup section */
		D241286B1F3714AE00E2970C /* Main.storyboard */ = {
			isa = PBXVariantGroup;
			children = (
				D241286C1F3714AE00E2970C /* Base */,
			);
			name = Main.storyboard;
			sourceTree = "<group>";
		};
		D24128701F3714AE00E2970C /* LaunchScreen.storyboard */ = {
			isa = PBXVariantGroup;
			children = (
				D24128711F3714AE00E2970C /* Base */,
			);
			name = LaunchScreen.storyboard;
			sourceTree = "<group>";
		};
/* End PBXVariantGroup section */

/* Begin XCBuildConfiguration section */
		D241288A1F3714AE00E2970C /* Debug */ = {
			isa = XCBuildConfiguration;
			buildSettings = {
				ALWAYS_SEARCH_USER_PATHS = NO;
				CLANG_ANALYZER_NONNULL = YES;
				CLANG_ANALYZER_NUMBER_OBJECT_CONVERSION = YES_AGGRESSIVE;
				CLANG_CXX_LANGUAGE_STANDARD = "gnu++0x";
				CLANG_CXX_LIBRARY = "libc++";
				CLANG_ENABLE_MODULES = YES;
				CLANG_ENABLE_OBJC_ARC = YES;
				CLANG_WARN_BOOL_CONVERSION = YES;
				CLANG_WARN_CONSTANT_CONVERSION = YES;
				CLANG_WARN_DIRECT_OBJC_ISA_USAGE = YES_ERROR;
				CLANG_WARN_DOCUMENTATION_COMMENTS = YES;
				CLANG_WARN_EMPTY_BODY = YES;
				CLANG_WARN_ENUM_CONVERSION = YES;
				CLANG_WARN_INFINITE_RECURSION = YES;
				CLANG_WARN_INT_CONVERSION = YES;
				CLANG_WARN_OBJC_ROOT_CLASS = YES_ERROR;
				CLANG_WARN_SUSPICIOUS_MOVE = YES;
				CLANG_WARN_UNREACHABLE_CODE = YES;
				CLANG_WARN__DUPLICATE_METHOD_MATCH = YES;
				"CODE_SIGN_IDENTITY[sdk=iphoneos*]" = "iPhone Developer";
				COPY_PHASE_STRIP = NO;
				DEBUG_INFORMATION_FORMAT = dwarf;
				ENABLE_STRICT_OBJC_MSGSEND = YES;
				ENABLE_TESTABILITY = YES;
				GCC_C_LANGUAGE_STANDARD = gnu99;
				GCC_DYNAMIC_NO_PIC = NO;
				GCC_NO_COMMON_BLOCKS = YES;
				GCC_OPTIMIZATION_LEVEL = 0;
				GCC_PREPROCESSOR_DEFINITIONS = (
					"DEBUG=1",
					"$(inherited)",
				);
				GCC_WARN_64_TO_32_BIT_CONVERSION = YES;
				GCC_WARN_ABOUT_RETURN_TYPE = YES_ERROR;
				GCC_WARN_UNDECLARED_SELECTOR = YES;
				GCC_WARN_UNINITIALIZED_AUTOS = YES_AGGRESSIVE;
				GCC_WARN_UNUSED_FUNCTION = YES;
				GCC_WARN_UNUSED_VARIABLE = YES;
				IPHONEOS_DEPLOYMENT_TARGET = 10.3;
				MTL_ENABLE_DEBUG_INFO = YES;
				ONLY_ACTIVE_ARCH = YES;
				SDKROOT = iphoneos;
				TARGETED_DEVICE_FAMILY = "1,2";
			};
			name = Debug;
		};
		D241288B1F3714AE00E2970C /* Release */ = {
			isa = XCBuildConfiguration;
			buildSettings = {
				ALWAYS_SEARCH_USER_PATHS = NO;
				CLANG_ANALYZER_NONNULL = YES;
				CLANG_ANALYZER_NUMBER_OBJECT_CONVERSION = YES_AGGRESSIVE;
				CLANG_CXX_LANGUAGE_STANDARD = "gnu++0x";
				CLANG_CXX_LIBRARY = "libc++";
				CLANG_ENABLE_MODULES = YES;
				CLANG_ENABLE_OBJC_ARC = YES;
				CLANG_WARN_BOOL_CONVERSION = YES;
				CLANG_WARN_CONSTANT_CONVERSION = YES;
				CLANG_WARN_DIRECT_OBJC_ISA_USAGE = YES_ERROR;
				CLANG_WARN_DOCUMENTATION_COMMENTS = YES;
				CLANG_WARN_EMPTY_BODY = YES;
				CLANG_WARN_ENUM_CONVERSION = YES;
				CLANG_WARN_INFINITE_RECURSION = YES;
				CLANG_WARN_INT_CONVERSION = YES;
				CLANG_WARN_OBJC_ROOT_CLASS = YES_ERROR;
				CLANG_WARN_SUSPICIOUS_MOVE = YES;
				CLANG_WARN_UNREACHABLE_CODE = YES;
				CLANG_WARN__DUPLICATE_METHOD_MATCH = YES;
				"CODE_SIGN_IDENTITY[sdk=iphoneos*]" = "iPhone Developer";
				COPY_PHASE_STRIP = NO;
				DEBUG_INFORMATION_FORMAT = "dwarf-with-dsym";
				ENABLE_NS_ASSERTIONS = NO;
				ENABLE_STRICT_OBJC_MSGSEND = YES;
				GCC_C_LANGUAGE_STANDARD = gnu99;
				GCC_NO_COMMON_BLOCKS = YES;
				GCC_WARN_64_TO_32_BIT_CONVERSION = YES;
				GCC_WARN_ABOUT_RETURN_TYPE = YES_ERROR;
				GCC_WARN_UNDECLARED_SELECTOR = YES;
				GCC_WARN_UNINITIALIZED_AUTOS = YES_AGGRESSIVE;
				GCC_WARN_UNUSED_FUNCTION = YES;
				GCC_WARN_UNUSED_VARIABLE = YES;
				IPHONEOS_DEPLOYMENT_TARGET = 10.3;
				MTL_ENABLE_DEBUG_INFO = NO;
				SDKROOT = iphoneos;
				TARGETED_DEVICE_FAMILY = "1,2";
				VALIDATE_PRODUCT = YES;
			};
			name = Release;
		};
		D241288D1F3714AE00E2970C /* Debug */ = {
			isa = XCBuildConfiguration;
			buildSettings = {
				ASSETCATALOG_COMPILER_APPICON_NAME = AppIcon;
				DEVELOPMENT_TEAM = 229U5KUWGH;
				ENABLE_STRICT_OBJC_MSGSEND = NO;
				INFOPLIST_FILE = ProgrammingThought/Info.plist;
				LD_RUNPATH_SEARCH_PATHS = "$(inherited) @executable_path/Frameworks";
				PRODUCT_BUNDLE_IDENTIFIER = com.Yochi.ProgrammingThought;
				PRODUCT_NAME = "$(TARGET_NAME)";
			};
			name = Debug;
		};
		D241288E1F3714AE00E2970C /* Release */ = {
			isa = XCBuildConfiguration;
			buildSettings = {
				ASSETCATALOG_COMPILER_APPICON_NAME = AppIcon;
				DEVELOPMENT_TEAM = 229U5KUWGH;
				ENABLE_STRICT_OBJC_MSGSEND = NO;
				INFOPLIST_FILE = ProgrammingThought/Info.plist;
				LD_RUNPATH_SEARCH_PATHS = "$(inherited) @executable_path/Frameworks";
				PRODUCT_BUNDLE_IDENTIFIER = com.Yochi.ProgrammingThought;
				PRODUCT_NAME = "$(TARGET_NAME)";
			};
			name = Release;
		};
		D24128901F3714AE00E2970C /* Debug */ = {
			isa = XCBuildConfiguration;
			buildSettings = {
				BUNDLE_LOADER = "$(TEST_HOST)";
				DEVELOPMENT_TEAM = 229U5KUWGH;
				INFOPLIST_FILE = ProgrammingThoughtTests/Info.plist;
				LD_RUNPATH_SEARCH_PATHS = "$(inherited) @executable_path/Frameworks @loader_path/Frameworks";
				PRODUCT_BUNDLE_IDENTIFIER = com.Yochi.ProgrammingThoughtTests;
				PRODUCT_NAME = "$(TARGET_NAME)";
				TEST_HOST = "$(BUILT_PRODUCTS_DIR)/ProgrammingThought.app/ProgrammingThought";
			};
			name = Debug;
		};
		D24128911F3714AE00E2970C /* Release */ = {
			isa = XCBuildConfiguration;
			buildSettings = {
				BUNDLE_LOADER = "$(TEST_HOST)";
				DEVELOPMENT_TEAM = 229U5KUWGH;
				INFOPLIST_FILE = ProgrammingThoughtTests/Info.plist;
				LD_RUNPATH_SEARCH_PATHS = "$(inherited) @executable_path/Frameworks @loader_path/Frameworks";
				PRODUCT_BUNDLE_IDENTIFIER = com.Yochi.ProgrammingThoughtTests;
				PRODUCT_NAME = "$(TARGET_NAME)";
				TEST_HOST = "$(BUILT_PRODUCTS_DIR)/ProgrammingThought.app/ProgrammingThought";
			};
			name = Release;
		};
		D24128931F3714AE00E2970C /* Debug */ = {
			isa = XCBuildConfiguration;
			buildSettings = {
				DEVELOPMENT_TEAM = 229U5KUWGH;
				INFOPLIST_FILE = ProgrammingThoughtUITests/Info.plist;
				LD_RUNPATH_SEARCH_PATHS = "$(inherited) @executable_path/Frameworks @loader_path/Frameworks";
				PRODUCT_BUNDLE_IDENTIFIER = com.Yochi.ProgrammingThoughtUITests;
				PRODUCT_NAME = "$(TARGET_NAME)";
				TEST_TARGET_NAME = ProgrammingThought;
			};
			name = Debug;
		};
		D24128941F3714AE00E2970C /* Release */ = {
			isa = XCBuildConfiguration;
			buildSettings = {
				DEVELOPMENT_TEAM = 229U5KUWGH;
				INFOPLIST_FILE = ProgrammingThoughtUITests/Info.plist;
				LD_RUNPATH_SEARCH_PATHS = "$(inherited) @executable_path/Frameworks @loader_path/Frameworks";
				PRODUCT_BUNDLE_IDENTIFIER = com.Yochi.ProgrammingThoughtUITests;
				PRODUCT_NAME = "$(TARGET_NAME)";
				TEST_TARGET_NAME = ProgrammingThought;
			};
			name = Release;
		};
/* End XCBuildConfiguration section */

/* Begin XCConfigurationList section */
		D241285A1F3714AD00E2970C /* Build configuration list for PBXProject "ProgrammingThought" */ = {
			isa = XCConfigurationList;
			buildConfigurations = (
				D241288A1F3714AE00E2970C /* Debug */,
				D241288B1F3714AE00E2970C /* Release */,
			);
			defaultConfigurationIsVisible = 0;
			defaultConfigurationName = Release;
		};
		D241288C1F3714AE00E2970C /* Build configuration list for PBXNativeTarget "ProgrammingThought" */ = {
			isa = XCConfigurationList;
			buildConfigurations = (
				D241288D1F3714AE00E2970C /* Debug */,
				D241288E1F3714AE00E2970C /* Release */,
			);
			defaultConfigurationIsVisible = 0;
		};
		D241288F1F3714AE00E2970C /* Build configuration list for PBXNativeTarget "ProgrammingThoughtTests" */ = {
			isa = XCConfigurationList;
			buildConfigurations = (
				D24128901F3714AE00E2970C /* Debug */,
				D24128911F3714AE00E2970C /* Release */,
			);
			defaultConfigurationIsVisible = 0;
		};
		D24128921F3714AE00E2970C /* Build configuration list for PBXNativeTarget "ProgrammingThoughtUITests" */ = {
			isa = XCConfigurationList;
			buildConfigurations = (
				D24128931F3714AE00E2970C /* Debug */,
				D24128941F3714AE00E2970C /* Release */,
			);
			defaultConfigurationIsVisible = 0;
		};
/* End XCConfigurationList section */
	};
	rootObject = D24128571F3714AD00E2970C /* Project object */;
}
